
Microsoft Visual Studio Solution File, Format Version 11.00
# Visual Studio 2010
Project("{FAE04EC0-301F-11D3-BF4B-00C04F79EFBC}") = "Map_testing", "Assembly-CSharp.csproj", "{8B4F61C7-F633-61C4-2EF5-89144E7639DF}"
EndProject
Global
	GlobalSection(SolutionConfigurationPlatforms) = preSolution
		Debug|Any CPU = Debug|Any CPU
		Release|Any CPU = Release|Any CPU
	EndGlobalSection
	GlobalSection(ProjectConfigurationPlatforms) = postSolution
		{8B4F61C7-F633-61C4-2EF5-89144E7639DF}.Debug|Any CPU.ActiveCfg = Debug|Any CPU
		{8B4F61C7-F633-61C4-2EF5-89144E7639DF}.Debug|Any CPU.Build.0 = Debug|Any CPU
		{8B4F61C7-F633-61C4-2EF5-89144E7639DF}.Release|Any CPU.ActiveCfg = Release|Any CPU
		{8B4F61C7-F633-61C4-2EF5-89144E7639DF}.Release|Any CPU.Build.0 = Release|Any CPU
	EndGlobalSection
	GlobalSection(SolutionProperties) = preSolution
		HideSolutionNode = FALSE
	EndGlobalSection
	GlobalSection(MonoDevelopProperties) = preSolution
		StartupItem = Assembly-CSharp.csproj
	EndGlobalSection
EndGlobal
